
Microsoft Visual Studio Solution File, Format Version 12.00
Project("{2150E333-8FDC-42A3-9474-1A3956D46DE8}") = "Behavioral", "Behavioral", "{F77C4F45-FC22-4184-810D-1C278F702012}"
EndProject
Project("{FAE04EC0-301F-11D3-BF4B-00C04F79EFBC}") = "Observer", "Observer\Observer.csproj", "{A15D55B4-3C0B-4F22-A483-B1981857387D}"
EndProject
Project("{FAE04EC0-301F-11D3-BF4B-00C04F79EFBC}") = "Observer.WeatherWithObservable", "Observer.WeatherWithObservable\Observer.WeatherWithObservable.csproj", "{72107CE3-DA35-4C59-97FA-AB89195606E1}"
EndProject
Project("{2150E333-8FDC-42A3-9474-1A3956D46DE8}") = "Creational", "Creational", "{BF5B0393-1F4C-45B9-B53E-132168A80F73}"
EndProject
Project("{2150E333-8FDC-42A3-9474-1A3956D46DE8}") = "Structural", "Structural", "{46626884-E9F2-4134-B0AF-AACAE3D8773A}"
EndProject
Project("{FAE04EC0-301F-11D3-BF4B-00C04F79EFBC}") = "State", "State\State.csproj", "{30223372-8B60-4190-B800-D82E5CD1F27E}"
EndProject
Project("{FAE04EC0-301F-11D3-BF4B-00C04F79EFBC}") = "State.GameCharacter", "State.GameCharacter\State.GameCharacter.csproj", "{F67EB7B8-614C-45AC-8961-4EA4BA54C6C6}"
EndProject
Project("{FAE04EC0-301F-11D3-BF4B-00C04F79EFBC}") = "Strategy.Duck", "Strategy.Duck\Strategy.Duck.csproj", "{24C324C4-EA13-43BC-88DD-658BF8368D15}"
EndProject
Project("{FAE04EC0-301F-11D3-BF4B-00C04F79EFBC}") = "Strategy", "Strategy\Strategy.csproj", "{001588E6-41E2-4D2F-A28B-C19EE8C67796}"
EndProject
Project("{FAE04EC0-301F-11D3-BF4B-00C04F79EFBC}") = "Strategy.OrderNotifier", "Strategy.OrderNotifier\Strategy.OrderNotifier.csproj", "{E51D0486-12A2-4F73-987A-BABCC2A53674}"
EndProject
Project("{FAE04EC0-301F-11D3-BF4B-00C04F79EFBC}") = "Template", "Template\Template.csproj", "{10DDAB8E-483D-466B-A69A-03899461FDFB}"
EndProject
Project("{FAE04EC0-301F-11D3-BF4B-00C04F79EFBC}") = "Template.FileParser.DT", "Template.FileParser.DT\Template.FileParser.DT.csproj", "{9CE6BB7E-6F73-4462-8AB3-D33627DA23DB}"
EndProject
Project("{FAE04EC0-301F-11D3-BF4B-00C04F79EFBC}") = "Observer.Weather", "Observer.Weather\Observer.Weather.csproj", "{1B9A8D2A-93B8-4C91-8BD6-9A068227C819}"
EndProject
Project("{FAE04EC0-301F-11D3-BF4B-00C04F79EFBC}") = "Visitor", "Visitor\Visitor.csproj", "{24FEA392-4FD5-4F42-9CDF-BB0F4D84A94B}"
EndProject
Project("{FAE04EC0-301F-11D3-BF4B-00C04F79EFBC}") = "Singleton.Naive", "Singleton.Naive\Singleton.Naive.csproj", "{8B953F8D-3835-4D2B-882D-F67833990C19}"
EndProject
Project("{FAE04EC0-301F-11D3-BF4B-00C04F79EFBC}") = "Singleton.ThreadSafe", "Singleton.ThreadSafe\Singleton.ThreadSafe.csproj", "{6025BFBB-FDD8-4D13-9EBD-7915A6BBCFBA}"
EndProject
Project("{FAE04EC0-301F-11D3-BF4B-00C04F79EFBC}") = "Singleton.CSharpLazy", "Singleton.CSharpLazy\Singleton.CSharpLazy.csproj", "{0116AFA3-A78C-4FC0-8C35-6DA98CF73045}"
EndProject
Project("{FAE04EC0-301F-11D3-BF4B-00C04F79EFBC}") = "Visitor.DocumentDometrain", "Visitor.DocumentDometrain\Visitor.DocumentDometrain.csproj", "{906EC751-08C2-4110-B1DA-72DFD0238F5D}"
EndProject
Project("{FAE04EC0-301F-11D3-BF4B-00C04F79EFBC}") = "Decorator.Starbuzz", "Decorator.Starbuzz\Decorator.Starbuzz.csproj", "{49B8CF6C-23A5-4690-9D8D-4540A7F81A5F}"
EndProject
Project("{FAE04EC0-301F-11D3-BF4B-00C04F79EFBC}") = "Decorator.LowercaseStream", "Decorator.LowercaseStream\Decorator.LowercaseStream.csproj", "{47177ED2-8B3D-44E5-9FEA-CBB26B79D93D}"
EndProject
Project("{FAE04EC0-301F-11D3-BF4B-00C04F79EFBC}") = "Decorator", "Decorator\Decorator.csproj", "{5A6E4555-F630-49B9-AB81-3545D6E3E41B}"
EndProject
Project("{FAE04EC0-301F-11D3-BF4B-00C04F79EFBC}") = "Decorator.EncryptStream", "Decorator.EncryptStream\Decorator.EncryptStream.csproj", "{E266C8CF-7EA8-4D82-A638-BBBA5A53CFAB}"
EndProject
Project("{FAE04EC0-301F-11D3-BF4B-00C04F79EFBC}") = "FactoryMethod", "FactoryMethod\FactoryMethod.csproj", "{06F76A22-C12D-4DB8-BE4B-0831F2777037}"
EndProject
Project("{FAE04EC0-301F-11D3-BF4B-00C04F79EFBC}") = "FactoryMethod.Transportation", "FactoryMethod.Transportation\FactoryMethod.Transportation.csproj", "{E3EC748F-50A1-45A6-964C-EFB976DA3731}"
EndProject
Project("{FAE04EC0-301F-11D3-BF4B-00C04F79EFBC}") = "FactoryMethod.Pizza", "FactoryMethod.Pizza\FactoryMethod.Pizza.csproj", "{043D7ADB-EC38-4262-9590-9B64A7A5E7E5}"
EndProject
Project("{FAE04EC0-301F-11D3-BF4B-00C04F79EFBC}") = "AbstractFactory", "AbstractFactory\AbstractFactory.csproj", "{1E3CA60B-E600-4A1C-9970-E13014380BD5}"
EndProject
Project("{FAE04EC0-301F-11D3-BF4B-00C04F79EFBC}") = "AbstractFactory.Furniture", "AbstractFactory.Furniture\AbstractFactory.Furniture.csproj", "{F5E2145B-3B56-4E13-B007-7184C50BDF30}"
EndProject
Project("{FAE04EC0-301F-11D3-BF4B-00C04F79EFBC}") = "AbstractFactory.Pizza", "AbstractFactory.Pizza\AbstractFactory.Pizza.csproj", "{D31E4DE0-B7A3-47BB-BEBA-354ADA49BFF7}"
EndProject
Project("{FAE04EC0-301F-11D3-BF4B-00C04F79EFBC}") = "Command", "Command\Command.csproj", "{B39CFA65-91CC-4DBB-A84A-66408A35B37D}"
EndProject
Project("{FAE04EC0-301F-11D3-BF4B-00C04F79EFBC}") = "Command.Remote", "Command.Remote\Command.Remote.csproj", "{86C21C0D-F7E6-447E-BED9-C3E80CAF83B5}"
EndProject
Project("{FAE04EC0-301F-11D3-BF4B-00C04F79EFBC}") = "Builder", "Builder\Builder.csproj", "{B37516FB-C03F-41B1-B5BB-D163C5B6F740}"
EndProject
Project("{FAE04EC0-301F-11D3-BF4B-00C04F79EFBC}") = "Builder.Fluent", "Builder.Fluent\Builder.Fluent.csproj", "{336766FA-F523-4358-AFE1-7074E9E6BCC8}"
EndProject
Project("{FAE04EC0-301F-11D3-BF4B-00C04F79EFBC}") = "Builder.StaticInner", "Builder.StaticInner\Builder.StaticInner.csproj", "{332E6DC5-DCBA-4780-A48D-A9834997C95D}"
EndProject
Project("{FAE04EC0-301F-11D3-BF4B-00C04F79EFBC}") = "Builder.Building", "Builder.Building\Builder.Building.csproj", "{D407F17D-FFFD-44B0-B455-AED1E054ECF7}"
EndProject
Project("{FAE04EC0-301F-11D3-BF4B-00C04F79EFBC}") = "Adapter", "Adapter\Adapter.csproj", "{F1A3E63E-4693-4E65-9DD5-0D85B3668275}"
EndProject
Project("{FAE04EC0-301F-11D3-BF4B-00C04F79EFBC}") = "Adapter.Ducks", "Adapter.Ducks\Adapter.Ducks.csproj", "{E9436457-9BE4-4A78-A610-F11700E1E79A}"
EndProject
Project("{FAE04EC0-301F-11D3-BF4B-00C04F79EFBC}") = "Adapter.PowerOutlet", "Adapter.PowerOutlet\Adapter.PowerOutlet.csproj", "{DDE4C415-0B77-4D43-B0C1-2224B5F97B4B}"
EndProject
Project("{FAE04EC0-301F-11D3-BF4B-00C04F79EFBC}") = "Facade.HomeTheater", "Facade.HomeTheater\Facade.HomeTheater.csproj", "{A312A021-0977-416D-84F1-317C785BF640}"
EndProject
Project("{FAE04EC0-301F-11D3-BF4B-00C04F79EFBC}") = "Builder.FluentSqlConnection", "Builder.FluentSqlConnection\Builder.FluentSqlConnection.csproj", "{3A3447D8-0E53-4263-B807-12AB04D10B9A}"
EndProject
Project("{FAE04EC0-301F-11D3-BF4B-00C04F79EFBC}") = "Template.Barista", "Template.Barista\Template.Barista.csproj", "{D5923C5A-4512-4BE8-9836-55E97F9B810A}"
EndProject
Project("{FAE04EC0-301F-11D3-BF4B-00C04F79EFBC}") = "Iterator.Diner", "Iterator.Diner\Iterator.Diner.csproj", "{011BE7D8-13AA-4938-BAE1-FAC566212674}"
EndProject
Project("{FAE04EC0-301F-11D3-BF4B-00C04F79EFBC}") = "Iterator.BookCollection", "Iterator.BookCollection\Iterator.BookCollection.csproj", "{650B8ECC-F07C-461C-889B-437986BECC23}"
EndProject
Project("{FAE04EC0-301F-11D3-BF4B-00C04F79EFBC}") = "Composite", "Composite\Composite.csproj", "{AF4A3EAB-2B72-4029-8D4F-B31E595E3D55}"
EndProject
Project("{FAE04EC0-301F-11D3-BF4B-00C04F79EFBC}") = "Composite.Boxes", "Composite.Boxes\Composite.Boxes.csproj", "{6B572626-316D-4CCB-BF91-43F5302FCFE2}"
EndProject
Project("{FAE04EC0-301F-11D3-BF4B-00C04F79EFBC}") = "State.Gumball", "State.Gumball\State.Gumball.csproj", "{71469768-BE8B-42D1-B6E5-A285A5E648A5}"
EndProject
Project("{FAE04EC0-301F-11D3-BF4B-00C04F79EFBC}") = "Proxy", "Proxy\Proxy.csproj", "{5991354B-6B04-4B74-A5C7-AE200EEC6035}"
EndProject
Project("{FAE04EC0-301F-11D3-BF4B-00C04F79EFBC}") = "Observer.WeatherEvents", "Observer.WeatherEvents\Observer.WeatherEvents.csproj", "{A7515E38-47B6-4E68-AEE8-3A123130F2F3}"
EndProject
Project("{FAE04EC0-301F-11D3-BF4B-00C04F79EFBC}") = "Observer.PrintingOfficeEvent", "Observer.PrintingOfficeEvent\Observer.PrintingOfficeEvent.csproj", "{5ECA680E-CF8D-4C5A-83B3-B8F0A339A6BC}"
EndProject
Project("{FAE04EC0-301F-11D3-BF4B-00C04F79EFBC}") = "Observer.PrintingOfficeDelegate", "Observer.PrintingOfficeDelegate\Observer.PrintingOfficeDelegate.csproj", "{B9366C20-C444-4F8B-96E2-F4513534FFF3}"
EndProject
Project("{FAE04EC0-301F-11D3-BF4B-00C04F79EFBC}") = "Builder.FluentAction", "Builder.FluentAction\Builder.FluentAction.csproj", "{DF960DBB-5F1E-44A0-971F-FCA536050637}"
EndProject
Project("{2150E333-8FDC-42A3-9474-1A3956D46DE8}") = "Combined", "Combined", "{BC5A28DA-C3DF-4CE7-B50F-7C979A6ED374}"
EndProject
Project("{FAE04EC0-301F-11D3-BF4B-00C04F79EFBC}") = "DuckSimulator", "DuckSimulator\DuckSimulator.csproj", "{C163BDB2-39B8-4045-8585-9BF61AF3E4F7}"
EndProject
Global
	GlobalSection(SolutionConfigurationPlatforms) = preSolution
		Debug|Any CPU = Debug|Any CPU
		Release|Any CPU = Release|Any CPU
	EndGlobalSection
	GlobalSection(NestedProjects) = preSolution
		{A15D55B4-3C0B-4F22-A483-B1981857387D} = {F77C4F45-FC22-4184-810D-1C278F702012}
		{1B9A8D2A-93B8-4C91-8BD6-9A068227C819} = {F77C4F45-FC22-4184-810D-1C278F702012}
		{72107CE3-DA35-4C59-97FA-AB89195606E1} = {F77C4F45-FC22-4184-810D-1C278F702012}
		{F67EB7B8-614C-45AC-8961-4EA4BA54C6C6} = {F77C4F45-FC22-4184-810D-1C278F702012}
		{30223372-8B60-4190-B800-D82E5CD1F27E} = {F77C4F45-FC22-4184-810D-1C278F702012}
		{24C324C4-EA13-43BC-88DD-658BF8368D15} = {F77C4F45-FC22-4184-810D-1C278F702012}
		{E51D0486-12A2-4F73-987A-BABCC2A53674} = {F77C4F45-FC22-4184-810D-1C278F702012}
		{001588E6-41E2-4D2F-A28B-C19EE8C67796} = {F77C4F45-FC22-4184-810D-1C278F702012}
		{9CE6BB7E-6F73-4462-8AB3-D33627DA23DB} = {F77C4F45-FC22-4184-810D-1C278F702012}
		{10DDAB8E-483D-466B-A69A-03899461FDFB} = {F77C4F45-FC22-4184-810D-1C278F702012}
		{24FEA392-4FD5-4F42-9CDF-BB0F4D84A94B} = {F77C4F45-FC22-4184-810D-1C278F702012}
		{8B953F8D-3835-4D2B-882D-F67833990C19} = {BF5B0393-1F4C-45B9-B53E-132168A80F73}
		{6025BFBB-FDD8-4D13-9EBD-7915A6BBCFBA} = {BF5B0393-1F4C-45B9-B53E-132168A80F73}
		{0116AFA3-A78C-4FC0-8C35-6DA98CF73045} = {BF5B0393-1F4C-45B9-B53E-132168A80F73}
		{906EC751-08C2-4110-B1DA-72DFD0238F5D} = {F77C4F45-FC22-4184-810D-1C278F702012}
		{49B8CF6C-23A5-4690-9D8D-4540A7F81A5F} = {46626884-E9F2-4134-B0AF-AACAE3D8773A}
		{47177ED2-8B3D-44E5-9FEA-CBB26B79D93D} = {46626884-E9F2-4134-B0AF-AACAE3D8773A}
		{5A6E4555-F630-49B9-AB81-3545D6E3E41B} = {46626884-E9F2-4134-B0AF-AACAE3D8773A}
		{E266C8CF-7EA8-4D82-A638-BBBA5A53CFAB} = {46626884-E9F2-4134-B0AF-AACAE3D8773A}
		{06F76A22-C12D-4DB8-BE4B-0831F2777037} = {BF5B0393-1F4C-45B9-B53E-132168A80F73}
		{E3EC748F-50A1-45A6-964C-EFB976DA3731} = {BF5B0393-1F4C-45B9-B53E-132168A80F73}
		{043D7ADB-EC38-4262-9590-9B64A7A5E7E5} = {BF5B0393-1F4C-45B9-B53E-132168A80F73}
		{1E3CA60B-E600-4A1C-9970-E13014380BD5} = {BF5B0393-1F4C-45B9-B53E-132168A80F73}
		{F5E2145B-3B56-4E13-B007-7184C50BDF30} = {BF5B0393-1F4C-45B9-B53E-132168A80F73}
		{D31E4DE0-B7A3-47BB-BEBA-354ADA49BFF7} = {BF5B0393-1F4C-45B9-B53E-132168A80F73}
		{B39CFA65-91CC-4DBB-A84A-66408A35B37D} = {F77C4F45-FC22-4184-810D-1C278F702012}
		{86C21C0D-F7E6-447E-BED9-C3E80CAF83B5} = {F77C4F45-FC22-4184-810D-1C278F702012}
		{B37516FB-C03F-41B1-B5BB-D163C5B6F740} = {BF5B0393-1F4C-45B9-B53E-132168A80F73}
		{336766FA-F523-4358-AFE1-7074E9E6BCC8} = {BF5B0393-1F4C-45B9-B53E-132168A80F73}
		{332E6DC5-DCBA-4780-A48D-A9834997C95D} = {BF5B0393-1F4C-45B9-B53E-132168A80F73}
		{D407F17D-FFFD-44B0-B455-AED1E054ECF7} = {BF5B0393-1F4C-45B9-B53E-132168A80F73}
		{F1A3E63E-4693-4E65-9DD5-0D85B3668275} = {46626884-E9F2-4134-B0AF-AACAE3D8773A}
		{E9436457-9BE4-4A78-A610-F11700E1E79A} = {46626884-E9F2-4134-B0AF-AACAE3D8773A}
		{DDE4C415-0B77-4D43-B0C1-2224B5F97B4B} = {46626884-E9F2-4134-B0AF-AACAE3D8773A}
		{A312A021-0977-416D-84F1-317C785BF640} = {46626884-E9F2-4134-B0AF-AACAE3D8773A}
		{3A3447D8-0E53-4263-B807-12AB04D10B9A} = {BF5B0393-1F4C-45B9-B53E-132168A80F73}
		{D5923C5A-4512-4BE8-9836-55E97F9B810A} = {F77C4F45-FC22-4184-810D-1C278F702012}
		{011BE7D8-13AA-4938-BAE1-FAC566212674} = {F77C4F45-FC22-4184-810D-1C278F702012}
		{650B8ECC-F07C-461C-889B-437986BECC23} = {F77C4F45-FC22-4184-810D-1C278F702012}
		{AF4A3EAB-2B72-4029-8D4F-B31E595E3D55} = {46626884-E9F2-4134-B0AF-AACAE3D8773A}
		{6B572626-316D-4CCB-BF91-43F5302FCFE2} = {46626884-E9F2-4134-B0AF-AACAE3D8773A}
		{71469768-BE8B-42D1-B6E5-A285A5E648A5} = {F77C4F45-FC22-4184-810D-1C278F702012}
		{5991354B-6B04-4B74-A5C7-AE200EEC6035} = {46626884-E9F2-4134-B0AF-AACAE3D8773A}
		{A7515E38-47B6-4E68-AEE8-3A123130F2F3} = {F77C4F45-FC22-4184-810D-1C278F702012}
		{5ECA680E-CF8D-4C5A-83B3-B8F0A339A6BC} = {F77C4F45-FC22-4184-810D-1C278F702012}
		{B9366C20-C444-4F8B-96E2-F4513534FFF3} = {F77C4F45-FC22-4184-810D-1C278F702012}
		{DF960DBB-5F1E-44A0-971F-FCA536050637} = {BF5B0393-1F4C-45B9-B53E-132168A80F73}
		{C163BDB2-39B8-4045-8585-9BF61AF3E4F7} = {BC5A28DA-C3DF-4CE7-B50F-7C979A6ED374}
	EndGlobalSection
	GlobalSection(ProjectConfigurationPlatforms) = postSolution
		{A15D55B4-3C0B-4F22-A483-B1981857387D}.Debug|Any CPU.ActiveCfg = Debug|Any CPU
		{A15D55B4-3C0B-4F22-A483-B1981857387D}.Debug|Any CPU.Build.0 = Debug|Any CPU
		{A15D55B4-3C0B-4F22-A483-B1981857387D}.Release|Any CPU.ActiveCfg = Release|Any CPU
		{A15D55B4-3C0B-4F22-A483-B1981857387D}.Release|Any CPU.Build.0 = Release|Any CPU
		{72107CE3-DA35-4C59-97FA-AB89195606E1}.Debug|Any CPU.ActiveCfg = Debug|Any CPU
		{72107CE3-DA35-4C59-97FA-AB89195606E1}.Debug|Any CPU.Build.0 = Debug|Any CPU
		{72107CE3-DA35-4C59-97FA-AB89195606E1}.Release|Any CPU.ActiveCfg = Release|Any CPU
		{72107CE3-DA35-4C59-97FA-AB89195606E1}.Release|Any CPU.Build.0 = Release|Any CPU
		{30223372-8B60-4190-B800-D82E5CD1F27E}.Debug|Any CPU.ActiveCfg = Debug|Any CPU
		{30223372-8B60-4190-B800-D82E5CD1F27E}.Debug|Any CPU.Build.0 = Debug|Any CPU
		{30223372-8B60-4190-B800-D82E5CD1F27E}.Release|Any CPU.ActiveCfg = Release|Any CPU
		{30223372-8B60-4190-B800-D82E5CD1F27E}.Release|Any CPU.Build.0 = Release|Any CPU
		{F67EB7B8-614C-45AC-8961-4EA4BA54C6C6}.Debug|Any CPU.ActiveCfg = Debug|Any CPU
		{F67EB7B8-614C-45AC-8961-4EA4BA54C6C6}.Debug|Any CPU.Build.0 = Debug|Any CPU
		{F67EB7B8-614C-45AC-8961-4EA4BA54C6C6}.Release|Any CPU.ActiveCfg = Release|Any CPU
		{F67EB7B8-614C-45AC-8961-4EA4BA54C6C6}.Release|Any CPU.Build.0 = Release|Any CPU
		{24C324C4-EA13-43BC-88DD-658BF8368D15}.Debug|Any CPU.ActiveCfg = Debug|Any CPU
		{24C324C4-EA13-43BC-88DD-658BF8368D15}.Debug|Any CPU.Build.0 = Debug|Any CPU
		{24C324C4-EA13-43BC-88DD-658BF8368D15}.Release|Any CPU.ActiveCfg = Release|Any CPU
		{24C324C4-EA13-43BC-88DD-658BF8368D15}.Release|Any CPU.Build.0 = Release|Any CPU
		{001588E6-41E2-4D2F-A28B-C19EE8C67796}.Debug|Any CPU.ActiveCfg = Debug|Any CPU
		{001588E6-41E2-4D2F-A28B-C19EE8C67796}.Debug|Any CPU.Build.0 = Debug|Any CPU
		{001588E6-41E2-4D2F-A28B-C19EE8C67796}.Release|Any CPU.ActiveCfg = Release|Any CPU
		{001588E6-41E2-4D2F-A28B-C19EE8C67796}.Release|Any CPU.Build.0 = Release|Any CPU
		{E51D0486-12A2-4F73-987A-BABCC2A53674}.Debug|Any CPU.ActiveCfg = Debug|Any CPU
		{E51D0486-12A2-4F73-987A-BABCC2A53674}.Debug|Any CPU.Build.0 = Debug|Any CPU
		{E51D0486-12A2-4F73-987A-BABCC2A53674}.Release|Any CPU.ActiveCfg = Release|Any CPU
		{E51D0486-12A2-4F73-987A-BABCC2A53674}.Release|Any CPU.Build.0 = Release|Any CPU
		{10DDAB8E-483D-466B-A69A-03899461FDFB}.Debug|Any CPU.ActiveCfg = Debug|Any CPU
		{10DDAB8E-483D-466B-A69A-03899461FDFB}.Debug|Any CPU.Build.0 = Debug|Any CPU
		{10DDAB8E-483D-466B-A69A-03899461FDFB}.Release|Any CPU.ActiveCfg = Release|Any CPU
		{10DDAB8E-483D-466B-A69A-03899461FDFB}.Release|Any CPU.Build.0 = Release|Any CPU
		{9CE6BB7E-6F73-4462-8AB3-D33627DA23DB}.Debug|Any CPU.ActiveCfg = Debug|Any CPU
		{9CE6BB7E-6F73-4462-8AB3-D33627DA23DB}.Debug|Any CPU.Build.0 = Debug|Any CPU
		{9CE6BB7E-6F73-4462-8AB3-D33627DA23DB}.Release|Any CPU.ActiveCfg = Release|Any CPU
		{9CE6BB7E-6F73-4462-8AB3-D33627DA23DB}.Release|Any CPU.Build.0 = Release|Any CPU
		{1B9A8D2A-93B8-4C91-8BD6-9A068227C819}.Debug|Any CPU.ActiveCfg = Debug|Any CPU
		{1B9A8D2A-93B8-4C91-8BD6-9A068227C819}.Debug|Any CPU.Build.0 = Debug|Any CPU
		{1B9A8D2A-93B8-4C91-8BD6-9A068227C819}.Release|Any CPU.ActiveCfg = Release|Any CPU
		{1B9A8D2A-93B8-4C91-8BD6-9A068227C819}.Release|Any CPU.Build.0 = Release|Any CPU
		{24FEA392-4FD5-4F42-9CDF-BB0F4D84A94B}.Debug|Any CPU.ActiveCfg = Debug|Any CPU
		{24FEA392-4FD5-4F42-9CDF-BB0F4D84A94B}.Debug|Any CPU.Build.0 = Debug|Any CPU
		{24FEA392-4FD5-4F42-9CDF-BB0F4D84A94B}.Release|Any CPU.ActiveCfg = Release|Any CPU
		{24FEA392-4FD5-4F42-9CDF-BB0F4D84A94B}.Release|Any CPU.Build.0 = Release|Any CPU
		{8B953F8D-3835-4D2B-882D-F67833990C19}.Debug|Any CPU.ActiveCfg = Debug|Any CPU
		{8B953F8D-3835-4D2B-882D-F67833990C19}.Debug|Any CPU.Build.0 = Debug|Any CPU
		{8B953F8D-3835-4D2B-882D-F67833990C19}.Release|Any CPU.ActiveCfg = Release|Any CPU
		{8B953F8D-3835-4D2B-882D-F67833990C19}.Release|Any CPU.Build.0 = Release|Any CPU
		{6025BFBB-FDD8-4D13-9EBD-7915A6BBCFBA}.Debug|Any CPU.ActiveCfg = Debug|Any CPU
		{6025BFBB-FDD8-4D13-9EBD-7915A6BBCFBA}.Debug|Any CPU.Build.0 = Debug|Any CPU
		{6025BFBB-FDD8-4D13-9EBD-7915A6BBCFBA}.Release|Any CPU.ActiveCfg = Release|Any CPU
		{6025BFBB-FDD8-4D13-9EBD-7915A6BBCFBA}.Release|Any CPU.Build.0 = Release|Any CPU
		{0116AFA3-A78C-4FC0-8C35-6DA98CF73045}.Debug|Any CPU.ActiveCfg = Debug|Any CPU
		{0116AFA3-A78C-4FC0-8C35-6DA98CF73045}.Debug|Any CPU.Build.0 = Debug|Any CPU
		{0116AFA3-A78C-4FC0-8C35-6DA98CF73045}.Release|Any CPU.ActiveCfg = Release|Any CPU
		{0116AFA3-A78C-4FC0-8C35-6DA98CF73045}.Release|Any CPU.Build.0 = Release|Any CPU
		{906EC751-08C2-4110-B1DA-72DFD0238F5D}.Debug|Any CPU.ActiveCfg = Debug|Any CPU
		{906EC751-08C2-4110-B1DA-72DFD0238F5D}.Debug|Any CPU.Build.0 = Debug|Any CPU
		{906EC751-08C2-4110-B1DA-72DFD0238F5D}.Release|Any CPU.ActiveCfg = Release|Any CPU
		{906EC751-08C2-4110-B1DA-72DFD0238F5D}.Release|Any CPU.Build.0 = Release|Any CPU
		{49B8CF6C-23A5-4690-9D8D-4540A7F81A5F}.Debug|Any CPU.ActiveCfg = Debug|Any CPU
		{49B8CF6C-23A5-4690-9D8D-4540A7F81A5F}.Debug|Any CPU.Build.0 = Debug|Any CPU
		{49B8CF6C-23A5-4690-9D8D-4540A7F81A5F}.Release|Any CPU.ActiveCfg = Release|Any CPU
		{49B8CF6C-23A5-4690-9D8D-4540A7F81A5F}.Release|Any CPU.Build.0 = Release|Any CPU
		{47177ED2-8B3D-44E5-9FEA-CBB26B79D93D}.Debug|Any CPU.ActiveCfg = Debug|Any CPU
		{47177ED2-8B3D-44E5-9FEA-CBB26B79D93D}.Debug|Any CPU.Build.0 = Debug|Any CPU
		{47177ED2-8B3D-44E5-9FEA-CBB26B79D93D}.Release|Any CPU.ActiveCfg = Release|Any CPU
		{47177ED2-8B3D-44E5-9FEA-CBB26B79D93D}.Release|Any CPU.Build.0 = Release|Any CPU
		{5A6E4555-F630-49B9-AB81-3545D6E3E41B}.Debug|Any CPU.ActiveCfg = Debug|Any CPU
		{5A6E4555-F630-49B9-AB81-3545D6E3E41B}.Debug|Any CPU.Build.0 = Debug|Any CPU
		{5A6E4555-F630-49B9-AB81-3545D6E3E41B}.Release|Any CPU.ActiveCfg = Release|Any CPU
		{5A6E4555-F630-49B9-AB81-3545D6E3E41B}.Release|Any CPU.Build.0 = Release|Any CPU
		{E266C8CF-7EA8-4D82-A638-BBBA5A53CFAB}.Debug|Any CPU.ActiveCfg = Debug|Any CPU
		{E266C8CF-7EA8-4D82-A638-BBBA5A53CFAB}.Debug|Any CPU.Build.0 = Debug|Any CPU
		{E266C8CF-7EA8-4D82-A638-BBBA5A53CFAB}.Release|Any CPU.ActiveCfg = Release|Any CPU
		{E266C8CF-7EA8-4D82-A638-BBBA5A53CFAB}.Release|Any CPU.Build.0 = Release|Any CPU
		{06F76A22-C12D-4DB8-BE4B-0831F2777037}.Debug|Any CPU.ActiveCfg = Debug|Any CPU
		{06F76A22-C12D-4DB8-BE4B-0831F2777037}.Debug|Any CPU.Build.0 = Debug|Any CPU
		{06F76A22-C12D-4DB8-BE4B-0831F2777037}.Release|Any CPU.ActiveCfg = Release|Any CPU
		{06F76A22-C12D-4DB8-BE4B-0831F2777037}.Release|Any CPU.Build.0 = Release|Any CPU
		{E3EC748F-50A1-45A6-964C-EFB976DA3731}.Debug|Any CPU.ActiveCfg = Debug|Any CPU
		{E3EC748F-50A1-45A6-964C-EFB976DA3731}.Debug|Any CPU.Build.0 = Debug|Any CPU
		{E3EC748F-50A1-45A6-964C-EFB976DA3731}.Release|Any CPU.ActiveCfg = Release|Any CPU
		{E3EC748F-50A1-45A6-964C-EFB976DA3731}.Release|Any CPU.Build.0 = Release|Any CPU
		{043D7ADB-EC38-4262-9590-9B64A7A5E7E5}.Debug|Any CPU.ActiveCfg = Debug|Any CPU
		{043D7ADB-EC38-4262-9590-9B64A7A5E7E5}.Debug|Any CPU.Build.0 = Debug|Any CPU
		{043D7ADB-EC38-4262-9590-9B64A7A5E7E5}.Release|Any CPU.ActiveCfg = Release|Any CPU
		{043D7ADB-EC38-4262-9590-9B64A7A5E7E5}.Release|Any CPU.Build.0 = Release|Any CPU
		{1E3CA60B-E600-4A1C-9970-E13014380BD5}.Debug|Any CPU.ActiveCfg = Debug|Any CPU
		{1E3CA60B-E600-4A1C-9970-E13014380BD5}.Debug|Any CPU.Build.0 = Debug|Any CPU
		{1E3CA60B-E600-4A1C-9970-E13014380BD5}.Release|Any CPU.ActiveCfg = Release|Any CPU
		{1E3CA60B-E600-4A1C-9970-E13014380BD5}.Release|Any CPU.Build.0 = Release|Any CPU
		{F5E2145B-3B56-4E13-B007-7184C50BDF30}.Debug|Any CPU.ActiveCfg = Debug|Any CPU
		{F5E2145B-3B56-4E13-B007-7184C50BDF30}.Debug|Any CPU.Build.0 = Debug|Any CPU
		{F5E2145B-3B56-4E13-B007-7184C50BDF30}.Release|Any CPU.ActiveCfg = Release|Any CPU
		{F5E2145B-3B56-4E13-B007-7184C50BDF30}.Release|Any CPU.Build.0 = Release|Any CPU
		{D31E4DE0-B7A3-47BB-BEBA-354ADA49BFF7}.Debug|Any CPU.ActiveCfg = Debug|Any CPU
		{D31E4DE0-B7A3-47BB-BEBA-354ADA49BFF7}.Debug|Any CPU.Build.0 = Debug|Any CPU
		{D31E4DE0-B7A3-47BB-BEBA-354ADA49BFF7}.Release|Any CPU.ActiveCfg = Release|Any CPU
		{D31E4DE0-B7A3-47BB-BEBA-354ADA49BFF7}.Release|Any CPU.Build.0 = Release|Any CPU
		{B39CFA65-91CC-4DBB-A84A-66408A35B37D}.Debug|Any CPU.ActiveCfg = Debug|Any CPU
		{B39CFA65-91CC-4DBB-A84A-66408A35B37D}.Debug|Any CPU.Build.0 = Debug|Any CPU
		{B39CFA65-91CC-4DBB-A84A-66408A35B37D}.Release|Any CPU.ActiveCfg = Release|Any CPU
		{B39CFA65-91CC-4DBB-A84A-66408A35B37D}.Release|Any CPU.Build.0 = Release|Any CPU
		{86C21C0D-F7E6-447E-BED9-C3E80CAF83B5}.Debug|Any CPU.ActiveCfg = Debug|Any CPU
		{86C21C0D-F7E6-447E-BED9-C3E80CAF83B5}.Debug|Any CPU.Build.0 = Debug|Any CPU
		{86C21C0D-F7E6-447E-BED9-C3E80CAF83B5}.Release|Any CPU.ActiveCfg = Release|Any CPU
		{86C21C0D-F7E6-447E-BED9-C3E80CAF83B5}.Release|Any CPU.Build.0 = Release|Any CPU
		{B37516FB-C03F-41B1-B5BB-D163C5B6F740}.Debug|Any CPU.ActiveCfg = Debug|Any CPU
		{B37516FB-C03F-41B1-B5BB-D163C5B6F740}.Debug|Any CPU.Build.0 = Debug|Any CPU
		{B37516FB-C03F-41B1-B5BB-D163C5B6F740}.Release|Any CPU.ActiveCfg = Release|Any CPU
		{B37516FB-C03F-41B1-B5BB-D163C5B6F740}.Release|Any CPU.Build.0 = Release|Any CPU
		{336766FA-F523-4358-AFE1-7074E9E6BCC8}.Debug|Any CPU.ActiveCfg = Debug|Any CPU
		{336766FA-F523-4358-AFE1-7074E9E6BCC8}.Debug|Any CPU.Build.0 = Debug|Any CPU
		{336766FA-F523-4358-AFE1-7074E9E6BCC8}.Release|Any CPU.ActiveCfg = Release|Any CPU
		{336766FA-F523-4358-AFE1-7074E9E6BCC8}.Release|Any CPU.Build.0 = Release|Any CPU
		{332E6DC5-DCBA-4780-A48D-A9834997C95D}.Debug|Any CPU.ActiveCfg = Debug|Any CPU
		{332E6DC5-DCBA-4780-A48D-A9834997C95D}.Debug|Any CPU.Build.0 = Debug|Any CPU
		{332E6DC5-DCBA-4780-A48D-A9834997C95D}.Release|Any CPU.ActiveCfg = Release|Any CPU
		{332E6DC5-DCBA-4780-A48D-A9834997C95D}.Release|Any CPU.Build.0 = Release|Any CPU
		{D407F17D-FFFD-44B0-B455-AED1E054ECF7}.Debug|Any CPU.ActiveCfg = Debug|Any CPU
		{D407F17D-FFFD-44B0-B455-AED1E054ECF7}.Debug|Any CPU.Build.0 = Debug|Any CPU
		{D407F17D-FFFD-44B0-B455-AED1E054ECF7}.Release|Any CPU.ActiveCfg = Release|Any CPU
		{D407F17D-FFFD-44B0-B455-AED1E054ECF7}.Release|Any CPU.Build.0 = Release|Any CPU
		{F1A3E63E-4693-4E65-9DD5-0D85B3668275}.Debug|Any CPU.ActiveCfg = Debug|Any CPU
		{F1A3E63E-4693-4E65-9DD5-0D85B3668275}.Debug|Any CPU.Build.0 = Debug|Any CPU
		{F1A3E63E-4693-4E65-9DD5-0D85B3668275}.Release|Any CPU.ActiveCfg = Release|Any CPU
		{F1A3E63E-4693-4E65-9DD5-0D85B3668275}.Release|Any CPU.Build.0 = Release|Any CPU
		{E9436457-9BE4-4A78-A610-F11700E1E79A}.Debug|Any CPU.ActiveCfg = Debug|Any CPU
		{E9436457-9BE4-4A78-A610-F11700E1E79A}.Debug|Any CPU.Build.0 = Debug|Any CPU
		{E9436457-9BE4-4A78-A610-F11700E1E79A}.Release|Any CPU.ActiveCfg = Release|Any CPU
		{E9436457-9BE4-4A78-A610-F11700E1E79A}.Release|Any CPU.Build.0 = Release|Any CPU
		{DDE4C415-0B77-4D43-B0C1-2224B5F97B4B}.Debug|Any CPU.ActiveCfg = Debug|Any CPU
		{DDE4C415-0B77-4D43-B0C1-2224B5F97B4B}.Debug|Any CPU.Build.0 = Debug|Any CPU
		{DDE4C415-0B77-4D43-B0C1-2224B5F97B4B}.Release|Any CPU.ActiveCfg = Release|Any CPU
		{DDE4C415-0B77-4D43-B0C1-2224B5F97B4B}.Release|Any CPU.Build.0 = Release|Any CPU
		{A312A021-0977-416D-84F1-317C785BF640}.Debug|Any CPU.ActiveCfg = Debug|Any CPU
		{A312A021-0977-416D-84F1-317C785BF640}.Debug|Any CPU.Build.0 = Debug|Any CPU
		{A312A021-0977-416D-84F1-317C785BF640}.Release|Any CPU.ActiveCfg = Release|Any CPU
		{A312A021-0977-416D-84F1-317C785BF640}.Release|Any CPU.Build.0 = Release|Any CPU
		{3A3447D8-0E53-4263-B807-12AB04D10B9A}.Debug|Any CPU.ActiveCfg = Debug|Any CPU
		{3A3447D8-0E53-4263-B807-12AB04D10B9A}.Debug|Any CPU.Build.0 = Debug|Any CPU
		{3A3447D8-0E53-4263-B807-12AB04D10B9A}.Release|Any CPU.ActiveCfg = Release|Any CPU
		{3A3447D8-0E53-4263-B807-12AB04D10B9A}.Release|Any CPU.Build.0 = Release|Any CPU
		{D5923C5A-4512-4BE8-9836-55E97F9B810A}.Debug|Any CPU.ActiveCfg = Debug|Any CPU
		{D5923C5A-4512-4BE8-9836-55E97F9B810A}.Debug|Any CPU.Build.0 = Debug|Any CPU
		{D5923C5A-4512-4BE8-9836-55E97F9B810A}.Release|Any CPU.ActiveCfg = Release|Any CPU
		{D5923C5A-4512-4BE8-9836-55E97F9B810A}.Release|Any CPU.Build.0 = Release|Any CPU
		{011BE7D8-13AA-4938-BAE1-FAC566212674}.Debug|Any CPU.ActiveCfg = Debug|Any CPU
		{011BE7D8-13AA-4938-BAE1-FAC566212674}.Debug|Any CPU.Build.0 = Debug|Any CPU
		{011BE7D8-13AA-4938-BAE1-FAC566212674}.Release|Any CPU.ActiveCfg = Release|Any CPU
		{011BE7D8-13AA-4938-BAE1-FAC566212674}.Release|Any CPU.Build.0 = Release|Any CPU
		{650B8ECC-F07C-461C-889B-437986BECC23}.Debug|Any CPU.ActiveCfg = Debug|Any CPU
		{650B8ECC-F07C-461C-889B-437986BECC23}.Debug|Any CPU.Build.0 = Debug|Any CPU
		{650B8ECC-F07C-461C-889B-437986BECC23}.Release|Any CPU.ActiveCfg = Release|Any CPU
		{650B8ECC-F07C-461C-889B-437986BECC23}.Release|Any CPU.Build.0 = Release|Any CPU
		{AF4A3EAB-2B72-4029-8D4F-B31E595E3D55}.Debug|Any CPU.ActiveCfg = Debug|Any CPU
		{AF4A3EAB-2B72-4029-8D4F-B31E595E3D55}.Debug|Any CPU.Build.0 = Debug|Any CPU
		{AF4A3EAB-2B72-4029-8D4F-B31E595E3D55}.Release|Any CPU.ActiveCfg = Release|Any CPU
		{AF4A3EAB-2B72-4029-8D4F-B31E595E3D55}.Release|Any CPU.Build.0 = Release|Any CPU
		{6B572626-316D-4CCB-BF91-43F5302FCFE2}.Debug|Any CPU.ActiveCfg = Debug|Any CPU
		{6B572626-316D-4CCB-BF91-43F5302FCFE2}.Debug|Any CPU.Build.0 = Debug|Any CPU
		{6B572626-316D-4CCB-BF91-43F5302FCFE2}.Release|Any CPU.ActiveCfg = Release|Any CPU
		{6B572626-316D-4CCB-BF91-43F5302FCFE2}.Release|Any CPU.Build.0 = Release|Any CPU
		{71469768-BE8B-42D1-B6E5-A285A5E648A5}.Debug|Any CPU.ActiveCfg = Debug|Any CPU
		{71469768-BE8B-42D1-B6E5-A285A5E648A5}.Debug|Any CPU.Build.0 = Debug|Any CPU
		{71469768-BE8B-42D1-B6E5-A285A5E648A5}.Release|Any CPU.ActiveCfg = Release|Any CPU
		{71469768-BE8B-42D1-B6E5-A285A5E648A5}.Release|Any CPU.Build.0 = Release|Any CPU
		{5991354B-6B04-4B74-A5C7-AE200EEC6035}.Debug|Any CPU.ActiveCfg = Debug|Any CPU
		{5991354B-6B04-4B74-A5C7-AE200EEC6035}.Debug|Any CPU.Build.0 = Debug|Any CPU
		{5991354B-6B04-4B74-A5C7-AE200EEC6035}.Release|Any CPU.ActiveCfg = Release|Any CPU
		{5991354B-6B04-4B74-A5C7-AE200EEC6035}.Release|Any CPU.Build.0 = Release|Any CPU
		{A7515E38-47B6-4E68-AEE8-3A123130F2F3}.Debug|Any CPU.ActiveCfg = Debug|Any CPU
		{A7515E38-47B6-4E68-AEE8-3A123130F2F3}.Debug|Any CPU.Build.0 = Debug|Any CPU
		{A7515E38-47B6-4E68-AEE8-3A123130F2F3}.Release|Any CPU.ActiveCfg = Release|Any CPU
		{A7515E38-47B6-4E68-AEE8-3A123130F2F3}.Release|Any CPU.Build.0 = Release|Any CPU
		{5ECA680E-CF8D-4C5A-83B3-B8F0A339A6BC}.Debug|Any CPU.ActiveCfg = Debug|Any CPU
		{5ECA680E-CF8D-4C5A-83B3-B8F0A339A6BC}.Debug|Any CPU.Build.0 = Debug|Any CPU
		{5ECA680E-CF8D-4C5A-83B3-B8F0A339A6BC}.Release|Any CPU.ActiveCfg = Release|Any CPU
		{5ECA680E-CF8D-4C5A-83B3-B8F0A339A6BC}.Release|Any CPU.Build.0 = Release|Any CPU
		{B9366C20-C444-4F8B-96E2-F4513534FFF3}.Debug|Any CPU.ActiveCfg = Debug|Any CPU
		{B9366C20-C444-4F8B-96E2-F4513534FFF3}.Debug|Any CPU.Build.0 = Debug|Any CPU
		{B9366C20-C444-4F8B-96E2-F4513534FFF3}.Release|Any CPU.ActiveCfg = Release|Any CPU
		{B9366C20-C444-4F8B-96E2-F4513534FFF3}.Release|Any CPU.Build.0 = Release|Any CPU
		{DF960DBB-5F1E-44A0-971F-FCA536050637}.Debug|Any CPU.ActiveCfg = Debug|Any CPU
		{DF960DBB-5F1E-44A0-971F-FCA536050637}.Debug|Any CPU.Build.0 = Debug|Any CPU
		{DF960DBB-5F1E-44A0-971F-FCA536050637}.Release|Any CPU.ActiveCfg = Release|Any CPU
		{DF960DBB-5F1E-44A0-971F-FCA536050637}.Release|Any CPU.Build.0 = Release|Any CPU
		{C163BDB2-39B8-4045-8585-9BF61AF3E4F7}.Debug|Any CPU.ActiveCfg = Debug|Any CPU
		{C163BDB2-39B8-4045-8585-9BF61AF3E4F7}.Debug|Any CPU.Build.0 = Debug|Any CPU
		{C163BDB2-39B8-4045-8585-9BF61AF3E4F7}.Release|Any CPU.ActiveCfg = Release|Any CPU
		{C163BDB2-39B8-4045-8585-9BF61AF3E4F7}.Release|Any CPU.Build.0 = Release|Any CPU
	EndGlobalSection
EndGlobal
