
Microsoft Visual Studio Solution File, Format Version 12.00
Project("{2150E333-8FDC-42A3-9474-1A3956D46DE8}") = "Behavioral", "Behavioral", "{F77C4F45-FC22-4184-810D-1C278F702012}"
EndProject
Project("{2150E333-8FDC-42A3-9474-1A3956D46DE8}") = "Observer", "Observer", "{79BA8C27-B37F-4394-B236-3A07BF65C91D}"
EndProject
Project("{FAE04EC0-301F-11D3-BF4B-00C04F79EFBC}") = "Observer.Template", "Observer.Template\Observer.Template.csproj", "{A15D55B4-3C0B-4F22-A483-B1981857387D}"
EndProject
Project("{FAE04EC0-301F-11D3-BF4B-00C04F79EFBC}") = "Observer.WeatherDataHFDP", "Observer.WeatherDataHFDP\Observer.WeatherDataHFDP.csproj", "{CE404518-8979-4673-8052-DD9ADF9905D6}"
EndProject
Project("{FAE04EC0-301F-11D3-BF4B-00C04F79EFBC}") = "Observer.WeatherDataObservable", "Observer.WeatherDataObservable\Observer.WeatherDataObservable.csproj", "{72107CE3-DA35-4C59-97FA-AB89195606E1}"
EndProject
Project("{2150E333-8FDC-42A3-9474-1A3956D46DE8}") = "State", "State", "{A2ADBC45-0278-4A9C-AB62-D0BA65898E77}"
EndProject
Project("{2150E333-8FDC-42A3-9474-1A3956D46DE8}") = "Stategy", "Stategy", "{2F7A97C3-CC0D-4B1D-9A0B-46F5B0A3077D}"
EndProject
Project("{FAE04EC0-301F-11D3-BF4B-00C04F79EFBC}") = "Template.Template", "Template.Template\Template.Template.csproj", "{9B21C0CD-BAC5-42F5-AE57-2A74F493E16C}"
EndProject
Project("{FAE04EC0-301F-11D3-BF4B-00C04F79EFBC}") = "Template.FileExport", "Template.FileExport\Template.FileExport.csproj", "{5053B792-1246-4C04-9D6B-EAF84A79759F}"
EndProject
Project("{FAE04EC0-301F-11D3-BF4B-00C04F79EFBC}") = "Template.Document", "Template.Document\Template.Document.csproj", "{1957D7A7-638A-45DA-9F01-285C6F85BC75}"
EndProject
Project("{FAE04EC0-301F-11D3-BF4B-00C04F79EFBC}") = "Template.DuckHFDP", "Template.DuckHFDP\Template.DuckHFDP.csproj", "{78F4694A-963F-4FEA-B5E1-C08BC0E01018}"
EndProject
Project("{2150E333-8FDC-42A3-9474-1A3956D46DE8}") = "Creational", "Creational", "{BF5B0393-1F4C-45B9-B53E-132168A80F73}"
EndProject
Project("{2150E333-8FDC-42A3-9474-1A3956D46DE8}") = "Structural", "Structural", "{46626884-E9F2-4134-B0AF-AACAE3D8773A}"
EndProject
Project("{FAE04EC0-301F-11D3-BF4B-00C04F79EFBC}") = "State.Template.DT", "State.Template.DT\State.Template.DT.csproj", "{30223372-8B60-4190-B800-D82E5CD1F27E}"
EndProject
Project("{FAE04EC0-301F-11D3-BF4B-00C04F79EFBC}") = "State.GameCharacter", "State.GameCharacter\State.GameCharacter.csproj", "{F67EB7B8-614C-45AC-8961-4EA4BA54C6C6}"
EndProject
Global
	GlobalSection(SolutionConfigurationPlatforms) = preSolution
		Debug|Any CPU = Debug|Any CPU
		Release|Any CPU = Release|Any CPU
	EndGlobalSection
	GlobalSection(NestedProjects) = preSolution
		{79BA8C27-B37F-4394-B236-3A07BF65C91D} = {F77C4F45-FC22-4184-810D-1C278F702012}
		{A15D55B4-3C0B-4F22-A483-B1981857387D} = {79BA8C27-B37F-4394-B236-3A07BF65C91D}
		{CE404518-8979-4673-8052-DD9ADF9905D6} = {79BA8C27-B37F-4394-B236-3A07BF65C91D}
		{72107CE3-DA35-4C59-97FA-AB89195606E1} = {79BA8C27-B37F-4394-B236-3A07BF65C91D}
		{A2ADBC45-0278-4A9C-AB62-D0BA65898E77} = {F77C4F45-FC22-4184-810D-1C278F702012}
		{2F7A97C3-CC0D-4B1D-9A0B-46F5B0A3077D} = {F77C4F45-FC22-4184-810D-1C278F702012}
		{9B21C0CD-BAC5-42F5-AE57-2A74F493E16C} = {2F7A97C3-CC0D-4B1D-9A0B-46F5B0A3077D}
		{5053B792-1246-4C04-9D6B-EAF84A79759F} = {2F7A97C3-CC0D-4B1D-9A0B-46F5B0A3077D}
		{1957D7A7-638A-45DA-9F01-285C6F85BC75} = {2F7A97C3-CC0D-4B1D-9A0B-46F5B0A3077D}
		{78F4694A-963F-4FEA-B5E1-C08BC0E01018} = {2F7A97C3-CC0D-4B1D-9A0B-46F5B0A3077D}
		{30223372-8B60-4190-B800-D82E5CD1F27E} = {A2ADBC45-0278-4A9C-AB62-D0BA65898E77}
		{F67EB7B8-614C-45AC-8961-4EA4BA54C6C6} = {A2ADBC45-0278-4A9C-AB62-D0BA65898E77}
	EndGlobalSection
	GlobalSection(ProjectConfigurationPlatforms) = postSolution
		{A15D55B4-3C0B-4F22-A483-B1981857387D}.Debug|Any CPU.ActiveCfg = Debug|Any CPU
		{A15D55B4-3C0B-4F22-A483-B1981857387D}.Debug|Any CPU.Build.0 = Debug|Any CPU
		{A15D55B4-3C0B-4F22-A483-B1981857387D}.Release|Any CPU.ActiveCfg = Release|Any CPU
		{A15D55B4-3C0B-4F22-A483-B1981857387D}.Release|Any CPU.Build.0 = Release|Any CPU
		{CE404518-8979-4673-8052-DD9ADF9905D6}.Debug|Any CPU.ActiveCfg = Debug|Any CPU
		{CE404518-8979-4673-8052-DD9ADF9905D6}.Debug|Any CPU.Build.0 = Debug|Any CPU
		{CE404518-8979-4673-8052-DD9ADF9905D6}.Release|Any CPU.ActiveCfg = Release|Any CPU
		{CE404518-8979-4673-8052-DD9ADF9905D6}.Release|Any CPU.Build.0 = Release|Any CPU
		{72107CE3-DA35-4C59-97FA-AB89195606E1}.Debug|Any CPU.ActiveCfg = Debug|Any CPU
		{72107CE3-DA35-4C59-97FA-AB89195606E1}.Debug|Any CPU.Build.0 = Debug|Any CPU
		{72107CE3-DA35-4C59-97FA-AB89195606E1}.Release|Any CPU.ActiveCfg = Release|Any CPU
		{72107CE3-DA35-4C59-97FA-AB89195606E1}.Release|Any CPU.Build.0 = Release|Any CPU
		{9B21C0CD-BAC5-42F5-AE57-2A74F493E16C}.Debug|Any CPU.ActiveCfg = Debug|Any CPU
		{9B21C0CD-BAC5-42F5-AE57-2A74F493E16C}.Debug|Any CPU.Build.0 = Debug|Any CPU
		{9B21C0CD-BAC5-42F5-AE57-2A74F493E16C}.Release|Any CPU.ActiveCfg = Release|Any CPU
		{9B21C0CD-BAC5-42F5-AE57-2A74F493E16C}.Release|Any CPU.Build.0 = Release|Any CPU
		{5053B792-1246-4C04-9D6B-EAF84A79759F}.Debug|Any CPU.ActiveCfg = Debug|Any CPU
		{5053B792-1246-4C04-9D6B-EAF84A79759F}.Debug|Any CPU.Build.0 = Debug|Any CPU
		{5053B792-1246-4C04-9D6B-EAF84A79759F}.Release|Any CPU.ActiveCfg = Release|Any CPU
		{5053B792-1246-4C04-9D6B-EAF84A79759F}.Release|Any CPU.Build.0 = Release|Any CPU
		{1957D7A7-638A-45DA-9F01-285C6F85BC75}.Debug|Any CPU.ActiveCfg = Debug|Any CPU
		{1957D7A7-638A-45DA-9F01-285C6F85BC75}.Debug|Any CPU.Build.0 = Debug|Any CPU
		{1957D7A7-638A-45DA-9F01-285C6F85BC75}.Release|Any CPU.ActiveCfg = Release|Any CPU
		{1957D7A7-638A-45DA-9F01-285C6F85BC75}.Release|Any CPU.Build.0 = Release|Any CPU
		{78F4694A-963F-4FEA-B5E1-C08BC0E01018}.Debug|Any CPU.ActiveCfg = Debug|Any CPU
		{78F4694A-963F-4FEA-B5E1-C08BC0E01018}.Debug|Any CPU.Build.0 = Debug|Any CPU
		{78F4694A-963F-4FEA-B5E1-C08BC0E01018}.Release|Any CPU.ActiveCfg = Release|Any CPU
		{78F4694A-963F-4FEA-B5E1-C08BC0E01018}.Release|Any CPU.Build.0 = Release|Any CPU
		{30223372-8B60-4190-B800-D82E5CD1F27E}.Debug|Any CPU.ActiveCfg = Debug|Any CPU
		{30223372-8B60-4190-B800-D82E5CD1F27E}.Debug|Any CPU.Build.0 = Debug|Any CPU
		{30223372-8B60-4190-B800-D82E5CD1F27E}.Release|Any CPU.ActiveCfg = Release|Any CPU
		{30223372-8B60-4190-B800-D82E5CD1F27E}.Release|Any CPU.Build.0 = Release|Any CPU
		{F67EB7B8-614C-45AC-8961-4EA4BA54C6C6}.Debug|Any CPU.ActiveCfg = Debug|Any CPU
		{F67EB7B8-614C-45AC-8961-4EA4BA54C6C6}.Debug|Any CPU.Build.0 = Debug|Any CPU
		{F67EB7B8-614C-45AC-8961-4EA4BA54C6C6}.Release|Any CPU.ActiveCfg = Release|Any CPU
		{F67EB7B8-614C-45AC-8961-4EA4BA54C6C6}.Release|Any CPU.Build.0 = Release|Any CPU
	EndGlobalSection
EndGlobal
